PODS:
  - Flutter (1.0.0)
  - sparrow_image_cropper (0.0.4):
    - Flutter
    - TOCropViewController (~> 2.6.0)
  - sparrow_image_picker (0.0.1):
    - Flutter
    - ZLPhotoBrowser (= 4.1.9)
  - TOCropViewController (2.6.0)
  - ZLPhotoBrowser (4.1.9):
    - ZLPhotoBrowser/Core (= 4.1.9)
  - ZLPhotoBrowser/Core (4.1.9)

DEPENDENCIES:
  - Flutter (from `Flutter`)
  - sparrow_image_cropper (from `.symlinks/plugins/sparrow_image_cropper/ios`)
  - sparrow_image_picker (from `.symlinks/plugins/sparrow_image_picker/ios`)

SPEC REPOS:
  trunk:
    - TOCropViewController
    - ZLPhotoBrowser

EXTERNAL SOURCES:
  Flutter:
    :path: Flutter
  sparrow_image_cropper:
    :path: ".symlinks/plugins/sparrow_image_cropper/ios"
  sparrow_image_picker:
    :path: ".symlinks/plugins/sparrow_image_picker/ios"

SPEC CHECKSUMS:
  Flutter: 50d75fe2f02b26cc09d224853bb45737f8b3214a
  sparrow_image_cropper: db95863c0d2d545c1a62733065b5777750e60177
  sparrow_image_picker: 21c8164d546bb5014a8505f493631b033a491052
  TOCropViewController: 3105367e808b7d3d886a74ff59bf4804e7d3ab38
  ZLPhotoBrowser: 320aec37f64b0f58d40abd852956c64530011ea4

PODFILE CHECKSUM: b901639770d96efe902496d02e4530eb1fa731f3

COCOAPODS: 1.10.1
